# This file is autogenerated, do not edit; changes may be undone by the next 'dep ensure'.


[[projects]]
  digest = "1:705c40022f5c03bf96ffeb6477858d88565064485a513abcd0f11a0911546cb6"
  name = "github.com/blang/semver"
  packages = ["."]
  pruneopts = "UT"
  revision = "2ee87856327ba09384cabd113bc6b5d174e9ec0f"
  version = "v3.5.1"

[[projects]]
  digest = "1:72fab480113e4f7c2393e4050e7b1331620b5641e6f967f1961842556f3cf5d0"
  name = "github.com/imroc/req"
  packages = ["."]
  pruneopts = "UT"
  revision = "2a9647f3b8f6648ebb7ab1f1786f8a9d6b90de84"
  version = "v0.1.9"

[solve-meta]
  analyzer-name = "dep"
  analyzer-version = 1
  input-imports = [
    "github.com/blang/semver",
    "github.com/imroc/req",
  ]
  solver-name = "gps-cdcl"
  solver-version = 1
